Microsoft Visual Studio Solution File, Format Version 12.00
# Visual Studio Version 17
VisualStudioVersion = 17.5.2.0
MinimumVisualStudioVersion = 10.0.40219.1
Project("{FAE04EC0-301F-11D3-BF4B-00C04F79EFBC}") = "WholeApplication", "WholeApplication.csproj", "{1518F554-E8B4-A37C-BC45-D35985BEDFBA}"
EndProject
Global
	GlobalSection(SolutionConfigurationPlatforms) = preSolution
		Debug|Any CPU = Debug|Any CPU
		Release|Any CPU = Release|Any CPU
	EndGlobalSection
	GlobalSection(ProjectConfigurationPlatforms) = postSolution
		{1518F554-E8B4-A37C-BC45-D35985BEDFBA}.Debug|Any CPU.ActiveCfg = Debug|Any CPU
		{1518F554-E8B4-A37C-BC45-D35985BEDFBA}.Debug|Any CPU.Build.0 = Debug|Any CPU
		{1518F554-E8B4-A37C-BC45-D35985BEDFBA}.Release|Any CPU.ActiveCfg = Release|Any CPU
		{1518F554-E8B4-A37C-BC45-D35985BEDFBA}.Release|Any CPU.Build.0 = Release|Any CPU
	EndGlobalSection
	GlobalSection(SolutionProperties) = preSolution
		HideSolutionNode = FALSE
	EndGlobalSection
	GlobalSection(ExtensibilityGlobals) = postSolution
		SolutionGuid = {D26725AF-E299-4D16-A5AA-52946CC44FB9}
	EndGlobalSection
EndGlobal
