Microsoft Visual Studio Solution File, Format Version 12.00
# Visual Studio Version 17
VisualStudioVersion = 17.5.2.0
MinimumVisualStudioVersion = 10.0.40219.1
Project("{FAE04EC0-301F-11D3-BF4B-00C04F79EFBC}") = "1-instausers", "1-instausers\1-instausers.csproj", "{7715BB03-3E28-E332-A4BD-C78789CDB843}"
EndProject
Global
	GlobalSection(SolutionConfigurationPlatforms) = preSolution
		Debug|Any CPU = Debug|Any CPU
		Release|Any CPU = Release|Any CPU
	EndGlobalSection
	GlobalSection(ProjectConfigurationPlatforms) = postSolution
		{7715BB03-3E28-E332-A4BD-C78789CDB843}.Debug|Any CPU.ActiveCfg = Debug|Any CPU
		{7715BB03-3E28-E332-A4BD-C78789CDB843}.Debug|Any CPU.Build.0 = Debug|Any CPU
		{7715BB03-3E28-E332-A4BD-C78789CDB843}.Release|Any CPU.ActiveCfg = Release|Any CPU
		{7715BB03-3E28-E332-A4BD-C78789CDB843}.Release|Any CPU.Build.0 = Release|Any CPU
	EndGlobalSection
	GlobalSection(SolutionProperties) = preSolution
		HideSolutionNode = FALSE
	EndGlobalSection
	GlobalSection(ExtensibilityGlobals) = postSolution
		SolutionGuid = {D0958D47-7D8D-45FB-BD88-47501CEFC987}
	EndGlobalSection
EndGlobal
