Microsoft Visual Studio Solution File, Format Version 12.00
# Visual Studio Version 17
VisualStudioVersion = 17.5.2.0
MinimumVisualStudioVersion = 10.0.40219.1
Project("{2150E333-8FDC-42A3-9474-1A3956D46DE8}") = "trainingModel", "trainingModel", "{751A698F-2302-F92C-9221-709F2CDE40BF}"
EndProject
Project("{FAE04EC0-301F-11D3-BF4B-00C04F79EFBC}") = "trainModel", "trainingModel\trainModel\trainModel.csproj", "{0721EEA4-AA89-E0EF-C1B1-3E0547BCCE8B}"
EndProject
Global
	GlobalSection(SolutionConfigurationPlatforms) = preSolution
		Debug|Any CPU = Debug|Any CPU
		Release|Any CPU = Release|Any CPU
	EndGlobalSection
	GlobalSection(ProjectConfigurationPlatforms) = postSolution
		{0721EEA4-AA89-E0EF-C1B1-3E0547BCCE8B}.Debug|Any CPU.ActiveCfg = Debug|Any CPU
		{0721EEA4-AA89-E0EF-C1B1-3E0547BCCE8B}.Debug|Any CPU.Build.0 = Debug|Any CPU
		{0721EEA4-AA89-E0EF-C1B1-3E0547BCCE8B}.Release|Any CPU.ActiveCfg = Release|Any CPU
		{0721EEA4-AA89-E0EF-C1B1-3E0547BCCE8B}.Release|Any CPU.Build.0 = Release|Any CPU
	EndGlobalSection
	GlobalSection(SolutionProperties) = preSolution
		HideSolutionNode = FALSE
	EndGlobalSection
	GlobalSection(NestedProjects) = preSolution
		{0721EEA4-AA89-E0EF-C1B1-3E0547BCCE8B} = {751A698F-2302-F92C-9221-709F2CDE40BF}
	EndGlobalSection
	GlobalSection(ExtensibilityGlobals) = postSolution
		SolutionGuid = {F2C0B94B-7EA2-4A27-9764-4583CED1AB29}
	EndGlobalSection
EndGlobal
