
Microsoft Visual Studio Solution File, Format Version 12.00
# Visual Studio Version 17
VisualStudioVersion = 17.13.35931.197 d17.13
MinimumVisualStudioVersion = 10.0.40219.1
Project("{FAE04EC0-301F-11D3-BF4B-00C04F79EFBC}") = "AppointmentApplication", "AppointmentApplication\AppointmentApplication.csproj", "{2BAE3B8A-CE55-4187-AD17-A53CC5204F86}"
EndProject
Global
	GlobalSection(SolutionConfigurationPlatforms) = preSolution
		Debug|Any CPU = Debug|Any CPU
		Release|Any CPU = Release|Any CPU
	EndGlobalSection
	GlobalSection(ProjectConfigurationPlatforms) = postSolution
		{2BAE3B8A-CE55-4187-AD17-A53CC5204F86}.Debug|Any CPU.ActiveCfg = Debug|Any CPU
		{2BAE3B8A-CE55-4187-AD17-A53CC5204F86}.Debug|Any CPU.Build.0 = Debug|Any CPU
		{2BAE3B8A-CE55-4187-AD17-A53CC5204F86}.Release|Any CPU.ActiveCfg = Release|Any CPU
		{2BAE3B8A-CE55-4187-AD17-A53CC5204F86}.Release|Any CPU.Build.0 = Release|Any CPU
	EndGlobalSection
	GlobalSection(SolutionProperties) = preSolution
		HideSolutionNode = FALSE
	EndGlobalSection
	GlobalSection(ExtensibilityGlobals) = postSolution
		SolutionGuid = {A27049BC-2A42-4C71-BE3A-A8E75C0B1E7A}
	EndGlobalSection
EndGlobal
